
Microsoft Visual Studio Solution File, Format Version 10.00
# Visual Studio 2008
Project("{8BC9CEB8-8B4A-11D0-8D11-00A0C91BC942}") = "soui_miniblink", "soui_miniblink.vcproj", "{A72CBD4B-5D20-4931-A459-87FC2C831DEB}"
EndProject
Global
	GlobalSection(SolutionConfigurationPlatforms) = preSolution
		Debug|Win32 = Debug|Win32
		Release|Win32 = Release|Win32
	EndGlobalSection
	GlobalSection(ProjectConfigurationPlatforms) = postSolution
		{A72CBD4B-5D20-4931-A459-87FC2C831DEB}.Debug|Win32.ActiveCfg = Debug|Win32
		{A72CBD4B-5D20-4931-A459-87FC2C831DEB}.Debug|Win32.Build.0 = Debug|Win32
		{A72CBD4B-5D20-4931-A459-87FC2C831DEB}.Release|Win32.ActiveCfg = Release|Win32
		{A72CBD4B-5D20-4931-A459-87FC2C831DEB}.Release|Win32.Build.0 = Release|Win32
	EndGlobalSection
	GlobalSection(SolutionProperties) = preSolution
		HideSolutionNode = FALSE
	EndGlobalSection
EndGlobal
